
Microsoft Visual Studio Solution File, Format Version 12.00
# Visual Studio 2013
VisualStudioVersion = 12.0.40629.0
MinimumVisualStudioVersion = 10.0.40219.1
Project("{FAE04EC0-301F-11D3-BF4B-00C04F79EFBC}") = "LinuxLogAnalizer", "LinuxLogAnalizer\LinuxLogAnalizer.csproj", "{F2D0D657-494F-424F-9D4A-41AE5BDBDCEE}"
EndProject
Project("{FAE04EC0-301F-11D3-BF4B-00C04F79EFBC}") = "ADSI", "..\ADSI\ADSI\ADSI.csproj", "{08172131-8B29-4FD6-85B1-F2B3ED9A0286}"
EndProject
Project("{FAE04EC0-301F-11D3-BF4B-00C04F79EFBC}") = "SimpleExcelImport", "..\..\..\..\SimpleExcelImport\SimpleExcelImport\SimpleExcelImport.csproj", "{B64234A1-5B22-4EB1-8D0F-1EDB67AA8342}"
EndProject
Global
	GlobalSection(SolutionConfigurationPlatforms) = preSolution
		Debug|Any CPU = Debug|Any CPU
		Release|Any CPU = Release|Any CPU
	EndGlobalSection
	GlobalSection(ProjectConfigurationPlatforms) = postSolution
		{F2D0D657-494F-424F-9D4A-41AE5BDBDCEE}.Debug|Any CPU.ActiveCfg = Debug|Any CPU
		{F2D0D657-494F-424F-9D4A-41AE5BDBDCEE}.Debug|Any CPU.Build.0 = Debug|Any CPU
		{F2D0D657-494F-424F-9D4A-41AE5BDBDCEE}.Release|Any CPU.ActiveCfg = Release|Any CPU
		{F2D0D657-494F-424F-9D4A-41AE5BDBDCEE}.Release|Any CPU.Build.0 = Release|Any CPU
		{08172131-8B29-4FD6-85B1-F2B3ED9A0286}.Debug|Any CPU.ActiveCfg = Debug|Any CPU
		{08172131-8B29-4FD6-85B1-F2B3ED9A0286}.Debug|Any CPU.Build.0 = Debug|Any CPU
		{08172131-8B29-4FD6-85B1-F2B3ED9A0286}.Release|Any CPU.ActiveCfg = Release|Any CPU
		{08172131-8B29-4FD6-85B1-F2B3ED9A0286}.Release|Any CPU.Build.0 = Release|Any CPU
		{B64234A1-5B22-4EB1-8D0F-1EDB67AA8342}.Debug|Any CPU.ActiveCfg = Debug|Any CPU
		{B64234A1-5B22-4EB1-8D0F-1EDB67AA8342}.Debug|Any CPU.Build.0 = Debug|Any CPU
		{B64234A1-5B22-4EB1-8D0F-1EDB67AA8342}.Release|Any CPU.ActiveCfg = Release|Any CPU
		{B64234A1-5B22-4EB1-8D0F-1EDB67AA8342}.Release|Any CPU.Build.0 = Release|Any CPU
	EndGlobalSection
	GlobalSection(SolutionProperties) = preSolution
		HideSolutionNode = FALSE
	EndGlobalSection
EndGlobal
